
Microsoft Visual Studio Solution File, Format Version 12.00
# Visual Studio 15
VisualStudioVersion = 15.0.27703.2026
MinimumVisualStudioVersion = 10.0.40219.1
Project("{9A19103F-16F7-4668-BE54-9A1E7A4F7556}") = "MyCli", "MyCli\MyCli.csproj", "{DDC7B435-BEB4-4476-B3F7-A22D20DF2541}"
EndProject
Global
	GlobalSection(SolutionConfigurationPlatforms) = preSolution
		Debug|Any CPU = Debug|Any CPU
		Release|Any CPU = Release|Any CPU
	EndGlobalSection
	GlobalSection(ProjectConfigurationPlatforms) = postSolution
		{DDC7B435-BEB4-4476-B3F7-A22D20DF2541}.Debug|Any CPU.ActiveCfg = Debug|Any CPU
		{DDC7B435-BEB4-4476-B3F7-A22D20DF2541}.Debug|Any CPU.Build.0 = Debug|Any CPU
		{DDC7B435-BEB4-4476-B3F7-A22D20DF2541}.Release|Any CPU.ActiveCfg = Release|Any CPU
		{DDC7B435-BEB4-4476-B3F7-A22D20DF2541}.Release|Any CPU.Build.0 = Release|Any CPU
	EndGlobalSection
	GlobalSection(SolutionProperties) = preSolution
		HideSolutionNode = FALSE
	EndGlobalSection
	GlobalSection(ExtensibilityGlobals) = postSolution
		SolutionGuid = {9FDF4D65-3203-4C60-BCA0-A4072825D633}
	EndGlobalSection
EndGlobal
